// !$*UTF8*$!
{
	archiveVersion = 1;
	classes = {
	};
	objectVersion = 46;
	objects = {

/* Begin PBXBuildFile section */
		2382727C1D142C3B00BCBE7D /* MarkerTracking.cpp in Sources */ = {isa = PBXBuildFile; fileRef = 238272791D142C3B00BCBE7D /* MarkerTracking.cpp */; };
		2382727E1D142C5F00BCBE7D /* MarkerIdentification.cpp in Sources */ = {isa = PBXBuildFile; fileRef = 2382727D1D142C5F00BCBE7D /* MarkerIdentification.cpp */; };
		238272811D142C7400BCBE7D /* PoseEstimation.cpp in Sources */ = {isa = PBXBuildFile; fileRef = 2382727F1D142C7400BCBE7D /* PoseEstimation.cpp */; };
		239AFB021CDB800500FECDCF /* main.cpp in Sources */ = {isa = PBXBuildFile; fileRef = 239AFB011CDB800500FECDCF /* main.cpp */; };
/* End PBXBuildFile section */

/* Begin PBXCopyFilesBuildPhase section */
		239AFAFC1CDB800500FECDCF /* CopyFiles */ = {
			isa = PBXCopyFilesBuildPhase;
			buildActionMask = 2147483647;
			dstPath = /usr/share/man/man1/;
			dstSubfolderSpec = 0;
			files = (
			);
			runOnlyForDeploymentPostprocessing = 1;
		};
/* End PBXCopyFilesBuildPhase section */

/* Begin PBXFileReference section */
		238272781D142C3B00BCBE7D /* MarkerIdentification.h */ = {isa = PBXFileReference; fileEncoding = 4; lastKnownFileType = sourcecode.c.h; path = MarkerIdentification.h; sourceTree = "<group>"; };
		238272791D142C3B00BCBE7D /* MarkerTracking.cpp */ = {isa = PBXFileReference; fileEncoding = 4; lastKnownFileType = sourcecode.cpp.cpp; path = MarkerTracking.cpp; sourceTree = "<group>"; };
		2382727A1D142C3B00BCBE7D /* MarkerTracking.hpp */ = {isa = PBXFileReference; fileEncoding = 4; lastKnownFileType = sourcecode.cpp.h; path = MarkerTracking.hpp; sourceTree = "<group>"; };
		2382727D1D142C5F00BCBE7D /* MarkerIdentification.cpp */ = {isa = PBXFileReference; fileEncoding = 4; lastKnownFileType = sourcecode.cpp.cpp; path = MarkerIdentification.cpp; sourceTree = "<group>"; };
		2382727F1D142C7400BCBE7D /* PoseEstimation.cpp */ = {isa = PBXFileReference; fileEncoding = 4; lastKnownFileType = sourcecode.cpp.cpp; path = PoseEstimation.cpp; sourceTree = "<group>"; };
		238272801D142C7400BCBE7D /* PoseEstimation.h */ = {isa = PBXFileReference; fileEncoding = 4; lastKnownFileType = sourcecode.c.h; path = PoseEstimation.h; sourceTree = "<group>"; };
		2382728B1D1B378200BCBE7D /* OpenGL.framework */ = {isa = PBXFileReference; lastKnownFileType = wrapper.framework; name = OpenGL.framework; path = System/Library/Frameworks/OpenGL.framework; sourceTree = SDKROOT; };
		2382728D1D1B379D00BCBE7D /* libglfw3.3.1.dylib */ = {isa = PBXFileReference; lastKnownFileType = "compiled.mach-o.dylib"; name = libglfw3.3.1.dylib; path = ../Sheet6/build/Debug/libglfw3.3.1.dylib; sourceTree = "<group>"; };
		239AFAFE1CDB800500FECDCF /* Sheet3 */ = {isa = PBXFileReference; explicitFileType = "compiled.mach-o.executable"; includeInIndex = 0; path = Sheet3; sourceTree = BUILT_PRODUCTS_DIR; };
		239AFB011CDB800500FECDCF /* main.cpp */ = {isa = PBXFileReference; lastKnownFileType = sourcecode.cpp.cpp; path = main.cpp; sourceTree = "<group>"; };
/* End PBXFileReference section */

/* Begin PBXFrameworksBuildPhase section */
		239AFAFB1CDB800500FECDCF /* Frameworks */ = {
			isa = PBXFrameworksBuildPhase;
			buildActionMask = 2147483647;
			files = (
			);
			runOnlyForDeploymentPostprocessing = 0;
		};
/* End PBXFrameworksBuildPhase section */

/* Begin PBXGroup section */
		23031F131CFF548E006E1B12 /* Marker */ = {
			isa = PBXGroup;
			children = (
				238272781D142C3B00BCBE7D /* MarkerIdentification.h */,
				2382727D1D142C5F00BCBE7D /* MarkerIdentification.cpp */,
				238272791D142C3B00BCBE7D /* MarkerTracking.cpp */,
				2382727A1D142C3B00BCBE7D /* MarkerTracking.hpp */,
			);
			name = Marker;
			sourceTree = "<group>";
		};
		233241791D0339AB001A7BDF /* PoseEstimation */ = {
			isa = PBXGroup;
			children = (
				238272801D142C7400BCBE7D /* PoseEstimation.h */,
				2382727F1D142C7400BCBE7D /* PoseEstimation.cpp */,
			);
			name = PoseEstimation;
			sourceTree = "<group>";
		};
		239AFAF51CDB800400FECDCF = {
			isa = PBXGroup;
			children = (
				2382728D1D1B379D00BCBE7D /* libglfw3.3.1.dylib */,
				2382728B1D1B378200BCBE7D /* OpenGL.framework */,
				233241791D0339AB001A7BDF /* PoseEstimation */,
				23031F131CFF548E006E1B12 /* Marker */,
				239AFB001CDB800500FECDCF /* Sheet3 */,
				239AFAFF1CDB800500FECDCF /* Products */,
			);
			sourceTree = "<group>";
		};
		239AFAFF1CDB800500FECDCF /* Products */ = {
			isa = PBXGroup;
			children = (
				239AFAFE1CDB800500FECDCF /* Sheet3 */,
			);
			name = Products;
			sourceTree = "<group>";
		};
		239AFB001CDB800500FECDCF /* Sheet3 */ = {
			isa = PBXGroup;
			children = (
				239AFB011CDB800500FECDCF /* main.cpp */,
			);
			path = Sheet3;
			sourceTree = "<group>";
		};
/* End PBXGroup section */

/* Begin PBXNativeTarget section */
		239AFAFD1CDB800500FECDCF /* Sheet3 */ = {
			isa = PBXNativeTarget;
			buildConfigurationList = 239AFB051CDB800500FECDCF /* Build configuration list for PBXNativeTarget "Sheet3" */;
			buildPhases = (
				239AFAFA1CDB800500FECDCF /* Sources */,
				239AFAFB1CDB800500FECDCF /* Frameworks */,
				239AFAFC1CDB800500FECDCF /* CopyFiles */,
			);
			buildRules = (
			);
			dependencies = (
			);
			name = Sheet3;
			productName = Sheet3;
			productReference = 239AFAFE1CDB800500FECDCF /* Sheet3 */;
			productType = "com.apple.product-type.tool";
		};
/* End PBXNativeTarget section */

/* Begin PBXProject section */
		239AFAF61CDB800400FECDCF /* Project object */ = {
			isa = PBXProject;
			attributes = {
				LastUpgradeCheck = 0730;
				ORGANIZATIONNAME = "Kevin Wu";
				TargetAttributes = {
					239AFAFD1CDB800500FECDCF = {
						CreatedOnToolsVersion = 7.3;
					};
				};
			};
			buildConfigurationList = 239AFAF91CDB800500FECDCF /* Build configuration list for PBXProject "Sheet3" */;
			compatibilityVersion = "Xcode 3.2";
			developmentRegion = English;
			hasScannedForEncodings = 0;
			knownRegions = (
				en,
			);
			mainGroup = 239AFAF51CDB800400FECDCF;
			productRefGroup = 239AFAFF1CDB800500FECDCF /* Products */;
			projectDirPath = "";
			projectRoot = "";
			targets = (
				239AFAFD1CDB800500FECDCF /* Sheet3 */,
			);
		};
/* End PBXProject section */

/* Begin PBXSourcesBuildPhase section */
		239AFAFA1CDB800500FECDCF /* Sources */ = {
			isa = PBXSourcesBuildPhase;
			buildActionMask = 2147483647;
			files = (
				2382727E1D142C5F00BCBE7D /* MarkerIdentification.cpp in Sources */,
				2382727C1D142C3B00BCBE7D /* MarkerTracking.cpp in Sources */,
				239AFB021CDB800500FECDCF /* main.cpp in Sources */,
				238272811D142C7400BCBE7D /* PoseEstimation.cpp in Sources */,
			);
			runOnlyForDeploymentPostprocessing = 0;
		};
/* End PBXSourcesBuildPhase section */

/* Begin XCBuildConfiguration section */
		239AFB031CDB800500FECDCF /* Debug */ = {
			isa = XCBuildConfiguration;
			buildSettings = {
				ALWAYS_SEARCH_USER_PATHS = NO;
				CLANG_ANALYZER_NONNULL = YES;
				CLANG_CXX_LANGUAGE_STANDARD = "gnu++0x";
				CLANG_CXX_LIBRARY = "libc++";
				CLANG_ENABLE_MODULES = YES;
				CLANG_ENABLE_OBJC_ARC = YES;
				CLANG_WARN_BOOL_CONVERSION = YES;
				CLANG_WARN_CONSTANT_CONVERSION = YES;
				CLANG_WARN_DIRECT_OBJC_ISA_USAGE = YES_ERROR;
				CLANG_WARN_EMPTY_BODY = YES;
				CLANG_WARN_ENUM_CONVERSION = YES;
				CLANG_WARN_INT_CONVERSION = YES;
				CLANG_WARN_OBJC_ROOT_CLASS = YES_ERROR;
				CLANG_WARN_UNREACHABLE_CODE = YES;
				CLANG_WARN__DUPLICATE_METHOD_MATCH = YES;
				CODE_SIGN_IDENTITY = "-";
				COPY_PHASE_STRIP = NO;
				DEBUG_INFORMATION_FORMAT = dwarf;
				ENABLE_STRICT_OBJC_MSGSEND = YES;
				ENABLE_TESTABILITY = YES;
				GCC_C_LANGUAGE_STANDARD = gnu99;
				GCC_DYNAMIC_NO_PIC = NO;
				GCC_NO_COMMON_BLOCKS = YES;
				GCC_OPTIMIZATION_LEVEL = 0;
				GCC_PREPROCESSOR_DEFINITIONS = (
					"DEBUG=1",
					"$(inherited)",
				);
				GCC_WARN_64_TO_32_BIT_CONVERSION = YES;
				GCC_WARN_ABOUT_RETURN_TYPE = YES_ERROR;
				GCC_WARN_UNDECLARED_SELECTOR = YES;
				GCC_WARN_UNINITIALIZED_AUTOS = YES_AGGRESSIVE;
				GCC_WARN_UNUSED_FUNCTION = YES;
				GCC_WARN_UNUSED_VARIABLE = YES;
				MACOSX_DEPLOYMENT_TARGET = 10.11;
				MTL_ENABLE_DEBUG_INFO = YES;
				ONLY_ACTIVE_ARCH = YES;
				SDKROOT = macosx;
			};
			name = Debug;
		};
		239AFB041CDB800500FECDCF /* Release */ = {
			isa = XCBuildConfiguration;
			buildSettings = {
				ALWAYS_SEARCH_USER_PATHS = NO;
				CLANG_ANALYZER_NONNULL = YES;
				CLANG_CXX_LANGUAGE_STANDARD = "gnu++0x";
				CLANG_CXX_LIBRARY = "libc++";
				CLANG_ENABLE_MODULES = YES;
				CLANG_ENABLE_OBJC_ARC = YES;
				CLANG_WARN_BOOL_CONVERSION = YES;
				CLANG_WARN_CONSTANT_CONVERSION = YES;
				CLANG_WARN_DIRECT_OBJC_ISA_USAGE = YES_ERROR;
				CLANG_WARN_EMPTY_BODY = YES;
				CLANG_WARN_ENUM_CONVERSION = YES;
				CLANG_WARN_INT_CONVERSION = YES;
				CLANG_WARN_OBJC_ROOT_CLASS = YES_ERROR;
				CLANG_WARN_UNREACHABLE_CODE = YES;
				CLANG_WARN__DUPLICATE_METHOD_MATCH = YES;
				CODE_SIGN_IDENTITY = "-";
				COPY_PHASE_STRIP = NO;
				DEBUG_INFORMATION_FORMAT = "dwarf-with-dsym";
				ENABLE_NS_ASSERTIONS = NO;
				ENABLE_STRICT_OBJC_MSGSEND = YES;
				GCC_C_LANGUAGE_STANDARD = gnu99;
				GCC_NO_COMMON_BLOCKS = YES;
				GCC_WARN_64_TO_32_BIT_CONVERSION = YES;
				GCC_WARN_ABOUT_RETURN_TYPE = YES_ERROR;
				GCC_WARN_UNDECLARED_SELECTOR = YES;
				GCC_WARN_UNINITIALIZED_AUTOS = YES_AGGRESSIVE;
				GCC_WARN_UNUSED_FUNCTION = YES;
				GCC_WARN_UNUSED_VARIABLE = YES;
				MACOSX_DEPLOYMENT_TARGET = 10.11;
				MTL_ENABLE_DEBUG_INFO = NO;
				SDKROOT = macosx;
			};
			name = Release;
		};
		239AFB061CDB800500FECDCF /* Debug */ = {
			isa = XCBuildConfiguration;
			buildSettings = {
				HEADER_SEARCH_PATHS = /usr/local/include;
				LIBRARY_SEARCH_PATHS = (
					/usr/local/lib,
					/usr/local/Cellar/glfw3/3.1.2/lib,
				);
				OTHER_LDFLAGS = (
					"-lopencv_calib3d",
					"-lopencv_core",
					"-lopencv_features2d",
					"-lopencv_flann",
					"-lopencv_highgui",
					"-lopencv_imgcodecs",
					"-lopencv_imgproc",
					"-lopencv_ml",
					"-lopencv_objdetect",
					"-lopencv_photo",
					"-lopencv_shape",
					"-lopencv_stitching",
					"-lopencv_superres",
					"-lopencv_ts",
					"-lopencv_video",
					"-lopencv_videoio",
					"-lopencv_videostab",
				);
				PRODUCT_NAME = "$(TARGET_NAME)";
			};
			name = Debug;
		};
		239AFB071CDB800500FECDCF /* Release */ = {
			isa = XCBuildConfiguration;
			buildSettings = {
				HEADER_SEARCH_PATHS = /usr/local/include;
				LIBRARY_SEARCH_PATHS = (
					/usr/local/lib,
					/usr/local/Cellar/glfw3/3.1.2/lib,
				);
				OTHER_LDFLAGS = (
					"-lopencv_calib3d",
					"-lopencv_core",
					"-lopencv_features2d",
					"-lopencv_flann",
					"-lopencv_highgui",
					"-lopencv_imgcodecs",
					"-lopencv_imgproc",
					"-lopencv_ml",
					"-lopencv_objdetect",
					"-lopencv_photo",
					"-lopencv_shape",
					"-lopencv_stitching",
					"-lopencv_superres",
					"-lopencv_ts",
					"-lopencv_video",
					"-lopencv_videoio",
					"-lopencv_videostab",
				);
				PRODUCT_NAME = "$(TARGET_NAME)";
			};
			name = Release;
		};
/* End XCBuildConfiguration section */

/* Begin XCConfigurationList section */
		239AFAF91CDB800500FECDCF /* Build configuration list for PBXProject "Sheet3" */ = {
			isa = XCConfigurationList;
			buildConfigurations = (
				239AFB031CDB800500FECDCF /* Debug */,
				239AFB041CDB800500FECDCF /* Release */,
			);
			defaultConfigurationIsVisible = 0;
			defaultConfigurationName = Release;
		};
		239AFB051CDB800500FECDCF /* Build configuration list for PBXNativeTarget "Sheet3" */ = {
			isa = XCConfigurationList;
			buildConfigurations = (
				239AFB061CDB800500FECDCF /* Debug */,
				239AFB071CDB800500FECDCF /* Release */,
			);
			defaultConfigurationIsVisible = 0;
			defaultConfigurationName = Release;
		};
/* End XCConfigurationList section */
	};
	rootObject = 239AFAF61CDB800400FECDCF /* Project object */;
}
